{
  "version": 4,
  "terraform_version": "0.13.4",
  "serial": 7,
  "lineage": "ffa5c989-4a53-ec5a-d3f7-5654c72e5a80",
  "outputs": {},
  "resources": [
    {
      "mode": "managed",
      "type": "local_file",
      "name": "AnsibleInventory",
      "provider": "provider[\"registry.terraform.io/hashicorp/local\"]",
      "instances": [
        {
          "schema_version": 0,
          "attributes": {
            "content": "[loadbalancer]\n194.62.98.74\n\n[webserver001]\n194.62.98.73\n\n\n[webserver002]\n194.62.97.187\n\n[database]\n194.62.96.177\n",
            "content_base64": null,
            "directory_permission": "0777",
            "file_permission": "0777",
            "filename": "hosts",
            "id": "16c44fdf9b7e5cd4ec6d74a4f54f1789c178819b",
            "sensitive_content": null,
            "source": null
          },
          "private": "bnVsbA==",
          "dependencies": [
            "upcloud_network.sdn_network",
            "upcloud_server.server1",
            "upcloud_server.server2",
            "upcloud_server.server3",
            "upcloud_server.server4"
          ]
        }
      ]
    },
    {
      "mode": "managed",
      "type": "upcloud_network",
      "name": "sdn_network",
      "provider": "provider[\"registry.terraform.io/upcloudltd/upcloud\"]",
      "instances": [
        {
          "schema_version": 0,
          "attributes": {
            "id": "03fe71be-0e9a-484c-bd02-3063688e4730",
            "ip_network": [
              {
                "address": "10.0.0.0/24",
                "dhcp": true,
                "dhcp_default_route": false,
                "dhcp_dns": [],
                "family": "IPv4",
                "gateway": "10.0.0.1"
              }
            ],
            "name": "eucalyptos Private Network",
            "router": null,
            "servers": [],
            "type": "private",
            "zone": "es-mad1"
          },
          "private": "bnVsbA=="
        }
      ]
    },
    {
      "mode": "managed",
      "type": "upcloud_server",
      "name": "server1",
      "provider": "provider[\"registry.terraform.io/upcloudltd/upcloud\"]",
      "instances": [
        {
          "schema_version": 0,
          "attributes": {
            "cpu": 1,
            "firewall": null,
            "hostname": "terraform.loadbalance.eucaluptos.com",
            "id": "0054dc8b-4cb5-4a11-a8da-0e20f0e33992",
            "login": [
              {
                "create_password": true,
                "keys": [
                  "ssh-rsa AAAAB3NzaC1yc2EAAAADAQABAAABAQCsuHVWdsMypib0ZFcL0xfDqxWk531IpZZ6SjUUAsM0DP7En4+euTolC8LkFkLkLEg94YdNqvPORlwKHr8+AazsHSWP2bYsx1a6pV8PHq68b2jfWIpt3qstW7NvWPem50i2+2IJE7os/vIwVRgY3q9cKeXxSq1fIAFjrPFBnvgwOt2ueaHWVpWUSR/IIwQicS5DM6axCUr8RW4UbsbZnhFf0BJ+vMH6E0rEkI6hrSg2rx85bJlsZhKMnkBHS0ZRxgh8DFnWQIkPGGOR5YqasvfRzEptIDgtvP2Y8ck9TddnNVyPKw5QiGf5LdCX8iNSea66g1Erz68kagPG1SLB0d7z ds@eclipse"
                ],
                "password_delivery": "email",
                "user": "root"
              }
            ],
            "mem": 1024,
            "metadata": null,
            "network_interface": [
              {
                "bootable": false,
                "ip_address": "194.62.98.74",
                "ip_address_family": "IPv4",
                "ip_address_floating": false,
                "mac_address": "92:be:ef:2e:61:0c",
                "network": "03c555c7-8fac-403a-8dec-315ed12be17b",
                "source_ip_filtering": true,
                "type": "public"
              },
              {
                "bootable": false,
                "ip_address": "10.7.1.215",
                "ip_address_family": "IPv4",
                "ip_address_floating": false,
                "mac_address": "92:be:ef:2e:86:87",
                "network": "03d5e8d4-81fb-4d07-84d4-1c4cf94add48",
                "source_ip_filtering": true,
                "type": "utility"
              },
              {
                "bootable": false,
                "ip_address": "10.0.0.2",
                "ip_address_family": "IPv4",
                "ip_address_floating": false,
                "mac_address": "92:be:ef:2e:ec:70",
                "network": "03fe71be-0e9a-484c-bd02-3063688e4730",
                "source_ip_filtering": true,
                "type": "private"
              }
            ],
            "plan": "1xCPU-1GB",
            "storage_devices": [],
            "template": [
              {
                "address": "virtio:0",
                "backup_rule": [],
                "id": "01a85b50-3580-4f17-ad43-320198702178",
                "size": 25,
                "storage": "01000000-0000-4000-8000-000020050100",
                "tier": "maxiops",
                "title": "terraform-terraform.loadbalance.eucaluptos.com-disk"
              }
            ],
            "title": "terraform.loadbalance.eucaluptos.com (managed by terraform)",
            "user_data": null,
            "zone": "es-mad1"
          },
          "private": "bnVsbA==",
          "dependencies": [
            "upcloud_network.sdn_network"
          ]
        }
      ]
    },
    {
      "mode": "managed",
      "type": "upcloud_server",
      "name": "server2",
      "provider": "provider[\"registry.terraform.io/upcloudltd/upcloud\"]",
      "instances": [
        {
          "schema_version": 0,
          "attributes": {
            "cpu": 1,
            "firewall": null,
            "hostname": "terraform.webserver.eucaluptos.com",
            "id": "0071e3b5-4956-4b79-ade2-687811db122c",
            "login": [
              {
                "create_password": true,
                "keys": [
                  "ssh-rsa AAAAB3NzaC1yc2EAAAADAQABAAABAQCsuHVWdsMypib0ZFcL0xfDqxWk531IpZZ6SjUUAsM0DP7En4+euTolC8LkFkLkLEg94YdNqvPORlwKHr8+AazsHSWP2bYsx1a6pV8PHq68b2jfWIpt3qstW7NvWPem50i2+2IJE7os/vIwVRgY3q9cKeXxSq1fIAFjrPFBnvgwOt2ueaHWVpWUSR/IIwQicS5DM6axCUr8RW4UbsbZnhFf0BJ+vMH6E0rEkI6hrSg2rx85bJlsZhKMnkBHS0ZRxgh8DFnWQIkPGGOR5YqasvfRzEptIDgtvP2Y8ck9TddnNVyPKw5QiGf5LdCX8iNSea66g1Erz68kagPG1SLB0d7z ds@eclipse"
                ],
                "password_delivery": "email",
                "user": "root"
              }
            ],
            "mem": 1024,
            "metadata": null,
            "network_interface": [
              {
                "bootable": false,
                "ip_address": "194.62.98.73",
                "ip_address_family": "IPv4",
                "ip_address_floating": false,
                "mac_address": "92:be:ef:2e:6e:73",
                "network": "03c555c7-8fac-403a-8dec-315ed12be17b",
                "source_ip_filtering": true,
                "type": "public"
              },
              {
                "bootable": false,
                "ip_address": "10.7.1.49",
                "ip_address_family": "IPv4",
                "ip_address_floating": false,
                "mac_address": "92:be:ef:2e:c6:dc",
                "network": "03d5e8d4-81fb-4d07-84d4-1c4cf94add48",
                "source_ip_filtering": true,
                "type": "utility"
              },
              {
                "bootable": false,
                "ip_address": "10.0.0.3",
                "ip_address_family": "IPv4",
                "ip_address_floating": false,
                "mac_address": "92:be:ef:2e:d0:2a",
                "network": "03fe71be-0e9a-484c-bd02-3063688e4730",
                "source_ip_filtering": true,
                "type": "private"
              }
            ],
            "plan": "1xCPU-1GB",
            "storage_devices": [],
            "template": [
              {
                "address": "virtio:0",
                "backup_rule": [],
                "id": "0153c1e2-1463-4f63-99de-95af5493371c",
                "size": 25,
                "storage": "01000000-0000-4000-8000-000020050100",
                "tier": "maxiops",
                "title": "terraform-terraform.webserver.eucaluptos.com-disk"
              }
            ],
            "title": "terraform.webserver.eucaluptos.com (managed by terraform)",
            "user_data": null,
            "zone": "es-mad1"
          },
          "private": "bnVsbA==",
          "dependencies": [
            "upcloud_network.sdn_network"
          ]
        }
      ]
    },
    {
      "mode": "managed",
      "type": "upcloud_server",
      "name": "server3",
      "provider": "provider[\"registry.terraform.io/upcloudltd/upcloud\"]",
      "instances": [
        {
          "schema_version": 0,
          "attributes": {
            "cpu": 1,
            "firewall": null,
            "hostname": "terraform.webserver2.eucaluptos.com",
            "id": "0026a410-0b49-4176-9dba-9bc7099ffe5e",
            "login": [
              {
                "create_password": true,
                "keys": [
                  "ssh-rsa AAAAB3NzaC1yc2EAAAADAQABAAABAQCsuHVWdsMypib0ZFcL0xfDqxWk531IpZZ6SjUUAsM0DP7En4+euTolC8LkFkLkLEg94YdNqvPORlwKHr8+AazsHSWP2bYsx1a6pV8PHq68b2jfWIpt3qstW7NvWPem50i2+2IJE7os/vIwVRgY3q9cKeXxSq1fIAFjrPFBnvgwOt2ueaHWVpWUSR/IIwQicS5DM6axCUr8RW4UbsbZnhFf0BJ+vMH6E0rEkI6hrSg2rx85bJlsZhKMnkBHS0ZRxgh8DFnWQIkPGGOR5YqasvfRzEptIDgtvP2Y8ck9TddnNVyPKw5QiGf5LdCX8iNSea66g1Erz68kagPG1SLB0d7z ds@eclipse"
                ],
                "password_delivery": "email",
                "user": "root"
              }
            ],
            "mem": 1024,
            "metadata": null,
            "network_interface": [
              {
                "bootable": false,
                "ip_address": "194.62.97.187",
                "ip_address_family": "IPv4",
                "ip_address_floating": false,
                "mac_address": "92:be:ef:2e:79:05",
                "network": "03c555c7-8fac-403a-8dec-315ed12be17b",
                "source_ip_filtering": true,
                "type": "public"
              },
              {
                "bootable": false,
                "ip_address": "10.7.0.152",
                "ip_address_family": "IPv4",
                "ip_address_floating": false,
                "mac_address": "92:be:ef:2e:f0:79",
                "network": "03d5e8d4-81fb-4d07-84d4-1c4cf94add48",
                "source_ip_filtering": true,
                "type": "utility"
              },
              {
                "bootable": false,
                "ip_address": "10.0.0.4",
                "ip_address_family": "IPv4",
                "ip_address_floating": false,
                "mac_address": "92:be:ef:2e:bb:32",
                "network": "03fe71be-0e9a-484c-bd02-3063688e4730",
                "source_ip_filtering": true,
                "type": "private"
              }
            ],
            "plan": "1xCPU-1GB",
            "storage_devices": [],
            "template": [
              {
                "address": "virtio:0",
                "backup_rule": [],
                "id": "010245ee-41f7-4fd0-af29-47d5ebae0f9d",
                "size": 25,
                "storage": "01000000-0000-4000-8000-000020050100",
                "tier": "maxiops",
                "title": "terraform-terraform.webserver2.eucaluptos.com-disk"
              }
            ],
            "title": "terraform.webserver2.eucaluptos.com (managed by terraform)",
            "user_data": null,
            "zone": "es-mad1"
          },
          "private": "bnVsbA==",
          "dependencies": [
            "upcloud_network.sdn_network"
          ]
        }
      ]
    },
    {
      "mode": "managed",
      "type": "upcloud_server",
      "name": "server4",
      "provider": "provider[\"registry.terraform.io/upcloudltd/upcloud\"]",
      "instances": [
        {
          "schema_version": 0,
          "attributes": {
            "cpu": 1,
            "firewall": null,
            "hostname": "terraform.database.eucaluptos.com",
            "id": "00fa03b7-a5dd-4adf-9f98-1ba97f68bb78",
            "login": [
              {
                "create_password": true,
                "keys": [
                  "ssh-rsa AAAAB3NzaC1yc2EAAAADAQABAAABAQCsuHVWdsMypib0ZFcL0xfDqxWk531IpZZ6SjUUAsM0DP7En4+euTolC8LkFkLkLEg94YdNqvPORlwKHr8+AazsHSWP2bYsx1a6pV8PHq68b2jfWIpt3qstW7NvWPem50i2+2IJE7os/vIwVRgY3q9cKeXxSq1fIAFjrPFBnvgwOt2ueaHWVpWUSR/IIwQicS5DM6axCUr8RW4UbsbZnhFf0BJ+vMH6E0rEkI6hrSg2rx85bJlsZhKMnkBHS0ZRxgh8DFnWQIkPGGOR5YqasvfRzEptIDgtvP2Y8ck9TddnNVyPKw5QiGf5LdCX8iNSea66g1Erz68kagPG1SLB0d7z ds@eclipse"
                ],
                "password_delivery": "email",
                "user": "root"
              }
            ],
            "mem": 1024,
            "metadata": null,
            "network_interface": [
              {
                "bootable": false,
                "ip_address": "194.62.96.177",
                "ip_address_family": "IPv4",
                "ip_address_floating": false,
                "mac_address": "92:be:ef:2e:7a:8b",
                "network": "03c555c7-8fac-403a-8dec-315ed12be17b",
                "source_ip_filtering": true,
                "type": "public"
              },
              {
                "bootable": false,
                "ip_address": "10.7.0.52",
                "ip_address_family": "IPv4",
                "ip_address_floating": false,
                "mac_address": "92:be:ef:2e:c9:53",
                "network": "03d5e8d4-81fb-4d07-84d4-1c4cf94add48",
                "source_ip_filtering": true,
                "type": "utility"
              },
              {
                "bootable": false,
                "ip_address": "10.0.0.5",
                "ip_address_family": "IPv4",
                "ip_address_floating": false,
                "mac_address": "92:be:ef:2e:c4:58",
                "network": "03fe71be-0e9a-484c-bd02-3063688e4730",
                "source_ip_filtering": true,
                "type": "private"
              }
            ],
            "plan": "1xCPU-1GB",
            "storage_devices": [],
            "template": [
              {
                "address": "virtio:0",
                "backup_rule": [],
                "id": "011437e7-1b3f-4413-8bce-0e15dc5e1665",
                "size": 25,
                "storage": "01000000-0000-4000-8000-000020050100",
                "tier": "maxiops",
                "title": "terraform-terraform.database.eucaluptos.com-disk"
              }
            ],
            "title": "terraform.database.eucaluptos.com (managed by terraform)",
            "user_data": null,
            "zone": "es-mad1"
          },
          "private": "bnVsbA==",
          "dependencies": [
            "upcloud_network.sdn_network"
          ]
        }
      ]
    }
  ]
}
